
Microsoft Visual Studio Solution File, Format Version 12.00
# Visual Studio Version 17
VisualStudioVersion = 17.11.35312.102
MinimumVisualStudioVersion = 10.0.40219.1
Project("{9A19103F-16F7-4668-BE54-9A1E7A4F7556}") = "CSharpTemeli", "CSharpTemeli\CSharpTemeli.csproj", "{4DA7BCED-C236-4E41-B782-2E82EEBB9214}"
EndProject
Project("{9A19103F-16F7-4668-BE54-9A1E7A4F7556}") = "03_MakingDecision", "03_MakingDecision\03_MakingDecision.csproj", "{611B5157-84F0-48C1-9076-8BB3AC3B3ED4}"
EndProject
Project("{FAE04EC0-301F-11D3-BF4B-00C04F79EFBC}") = "04_Loops", "04_Loops\04_Loops.csproj", "{9B5C367B-DAB3-44B9-9946-C1FACB623ABC}"
EndProject
Global
	GlobalSection(SolutionConfigurationPlatforms) = preSolution
		Debug|Any CPU = Debug|Any CPU
		Release|Any CPU = Release|Any CPU
	EndGlobalSection
	GlobalSection(ProjectConfigurationPlatforms) = postSolution
		{4DA7BCED-C236-4E41-B782-2E82EEBB9214}.Debug|Any CPU.ActiveCfg = Debug|Any CPU
		{4DA7BCED-C236-4E41-B782-2E82EEBB9214}.Debug|Any CPU.Build.0 = Debug|Any CPU
		{4DA7BCED-C236-4E41-B782-2E82EEBB9214}.Release|Any CPU.ActiveCfg = Release|Any CPU
		{4DA7BCED-C236-4E41-B782-2E82EEBB9214}.Release|Any CPU.Build.0 = Release|Any CPU
		{611B5157-84F0-48C1-9076-8BB3AC3B3ED4}.Debug|Any CPU.ActiveCfg = Debug|Any CPU
		{611B5157-84F0-48C1-9076-8BB3AC3B3ED4}.Debug|Any CPU.Build.0 = Debug|Any CPU
		{611B5157-84F0-48C1-9076-8BB3AC3B3ED4}.Release|Any CPU.ActiveCfg = Release|Any CPU
		{611B5157-84F0-48C1-9076-8BB3AC3B3ED4}.Release|Any CPU.Build.0 = Release|Any CPU
		{9B5C367B-DAB3-44B9-9946-C1FACB623ABC}.Debug|Any CPU.ActiveCfg = Debug|Any CPU
		{9B5C367B-DAB3-44B9-9946-C1FACB623ABC}.Debug|Any CPU.Build.0 = Debug|Any CPU
		{9B5C367B-DAB3-44B9-9946-C1FACB623ABC}.Release|Any CPU.ActiveCfg = Release|Any CPU
		{9B5C367B-DAB3-44B9-9946-C1FACB623ABC}.Release|Any CPU.Build.0 = Release|Any CPU
	EndGlobalSection
	GlobalSection(SolutionProperties) = preSolution
		HideSolutionNode = FALSE
	EndGlobalSection
	GlobalSection(ExtensibilityGlobals) = postSolution
		SolutionGuid = {B276D666-3247-4DEF-90A6-6AC7951274FB}
	EndGlobalSection
EndGlobal
